
Microsoft Visual Studio Solution File, Format Version 12.00
# Visual Studio Version 17
VisualStudioVersion = 17.8.34330.188
MinimumVisualStudioVersion = 10.0.40219.1
Project("{FAE04EC0-301F-11D3-BF4B-00C04F79EFBC}") = "Fraccionamientos_LDS", "Fraccionamientos_LDS\Fraccionamientos_LDS.csproj", "{174BC64F-FC11-4EDF-AF3D-DEA12501B8F2}"
EndProject
Global
	GlobalSection(SolutionConfigurationPlatforms) = preSolution
		Debug|Any CPU = Debug|Any CPU
		Release|Any CPU = Release|Any CPU
	EndGlobalSection
	GlobalSection(ProjectConfigurationPlatforms) = postSolution
		{174BC64F-FC11-4EDF-AF3D-DEA12501B8F2}.Debug|Any CPU.ActiveCfg = Debug|Any CPU
		{174BC64F-FC11-4EDF-AF3D-DEA12501B8F2}.Debug|Any CPU.Build.0 = Debug|Any CPU
		{174BC64F-FC11-4EDF-AF3D-DEA12501B8F2}.Release|Any CPU.ActiveCfg = Release|Any CPU
		{174BC64F-FC11-4EDF-AF3D-DEA12501B8F2}.Release|Any CPU.Build.0 = Release|Any CPU
	EndGlobalSection
	GlobalSection(SolutionProperties) = preSolution
		HideSolutionNode = FALSE
	EndGlobalSection
	GlobalSection(ExtensibilityGlobals) = postSolution
		SolutionGuid = {8759A14A-E9AC-4765-ABA8-E286DCD75147}
	EndGlobalSection
EndGlobal
